
Microsoft Visual Studio Solution File, Format Version 12.00
# Visual Studio Version 16
VisualStudioVersion = 16.0.31424.327
MinimumVisualStudioVersion = 10.0.40219.1
Project("{9A19103F-16F7-4668-BE54-9A1E7A4F7556}") = "MyWorkoutTracker_Base", "MyWorkoutTracker_Base\MyWorkoutTracker_Base.csproj", "{51499EB8-1923-44F2-8AB9-D763CB56B943}"
EndProject
Project("{FAE04EC0-301F-11D3-BF4B-00C04F79EFBC}") = "WorkOutAPI", "WorkOutAPI\WorkOutAPI.csproj", "{6D300E71-C289-45DB-B987-E0822789BFCB}"
EndProject
Global
	GlobalSection(SolutionConfigurationPlatforms) = preSolution
		Debug|Any CPU = Debug|Any CPU
		Release|Any CPU = Release|Any CPU
	EndGlobalSection
	GlobalSection(ProjectConfigurationPlatforms) = postSolution
		{51499EB8-1923-44F2-8AB9-D763CB56B943}.Debug|Any CPU.ActiveCfg = Debug|Any CPU
		{51499EB8-1923-44F2-8AB9-D763CB56B943}.Debug|Any CPU.Build.0 = Debug|Any CPU
		{51499EB8-1923-44F2-8AB9-D763CB56B943}.Release|Any CPU.ActiveCfg = Release|Any CPU
		{51499EB8-1923-44F2-8AB9-D763CB56B943}.Release|Any CPU.Build.0 = Release|Any CPU
		{6D300E71-C289-45DB-B987-E0822789BFCB}.Debug|Any CPU.ActiveCfg = Debug|Any CPU
		{6D300E71-C289-45DB-B987-E0822789BFCB}.Debug|Any CPU.Build.0 = Debug|Any CPU
		{6D300E71-C289-45DB-B987-E0822789BFCB}.Release|Any CPU.ActiveCfg = Release|Any CPU
		{6D300E71-C289-45DB-B987-E0822789BFCB}.Release|Any CPU.Build.0 = Release|Any CPU
	EndGlobalSection
	GlobalSection(SolutionProperties) = preSolution
		HideSolutionNode = FALSE
	EndGlobalSection
	GlobalSection(ExtensibilityGlobals) = postSolution
		SolutionGuid = {7F14DC12-D9AA-4421-B1A8-79CBAF812CE5}
	EndGlobalSection
EndGlobal
